
Microsoft Visual Studio Solution File, Format Version 12.00
# Visual Studio Version 17
VisualStudioVersion = 17.10.35013.160
MinimumVisualStudioVersion = 10.0.40219.1
Project("{FAE04EC0-301F-11D3-BF4B-00C04F79EFBC}") = "Transport", "Transport.csproj", "{B3163547-01DB-4828-A33E-2B1B75304AC1}"
EndProject
Global
	GlobalSection(SolutionConfigurationPlatforms) = preSolution
		Debug|Any CPU = Debug|Any CPU
		Release|Any CPU = Release|Any CPU
	EndGlobalSection
	GlobalSection(ProjectConfigurationPlatforms) = postSolution
		{B3163547-01DB-4828-A33E-2B1B75304AC1}.Debug|Any CPU.ActiveCfg = Debug|Any CPU
		{B3163547-01DB-4828-A33E-2B1B75304AC1}.Debug|Any CPU.Build.0 = Debug|Any CPU
		{B3163547-01DB-4828-A33E-2B1B75304AC1}.Release|Any CPU.ActiveCfg = Release|Any CPU
		{B3163547-01DB-4828-A33E-2B1B75304AC1}.Release|Any CPU.Build.0 = Release|Any CPU
	EndGlobalSection
	GlobalSection(SolutionProperties) = preSolution
		HideSolutionNode = FALSE
	EndGlobalSection
	GlobalSection(ExtensibilityGlobals) = postSolution
		SolutionGuid = {7405A44D-A5B1-43D4-8D81-785AB2EBEB9F}
	EndGlobalSection
EndGlobal
